
Microsoft Visual Studio Solution File, Format Version 12.00
# Visual Studio Version 17
VisualStudioVersion = 17.10.35013.160
MinimumVisualStudioVersion = 10.0.40219.1
Project("{FAE04EC0-301F-11D3-BF4B-00C04F79EFBC}") = "CoreWebApi", "CoreWebApi\CoreWebApi.csproj", "{CCA86E07-2C4D-433A-877A-987C9BECFD80}"
EndProject
Global
	GlobalSection(SolutionConfigurationPlatforms) = preSolution
		Debug|Any CPU = Debug|Any CPU
		Release|Any CPU = Release|Any CPU
	EndGlobalSection
	GlobalSection(ProjectConfigurationPlatforms) = postSolution
		{CCA86E07-2C4D-433A-877A-987C9BECFD80}.Debug|Any CPU.ActiveCfg = Debug|Any CPU
		{CCA86E07-2C4D-433A-877A-987C9BECFD80}.Debug|Any CPU.Build.0 = Debug|Any CPU
		{CCA86E07-2C4D-433A-877A-987C9BECFD80}.Release|Any CPU.ActiveCfg = Release|Any CPU
		{CCA86E07-2C4D-433A-877A-987C9BECFD80}.Release|Any CPU.Build.0 = Release|Any CPU
	EndGlobalSection
	GlobalSection(SolutionProperties) = preSolution
		HideSolutionNode = FALSE
	EndGlobalSection
	GlobalSection(ExtensibilityGlobals) = postSolution
		SolutionGuid = {3981EBF2-E6C0-4DD8-81F6-851CBB0C0A80}
	EndGlobalSection
EndGlobal
